
Microsoft Visual Studio Solution File, Format Version 12.00
# Visual Studio 15
Project("{FAE04EC0-301F-11D3-BF4B-00C04F79EFBC}") = "ClassesExample", "ClassesExample\ClassesExample.csproj", "{414FA1F4-D1E1-4728-9084-F29D2ADB0EB9}"
EndProject
Global
	GlobalSection(SolutionConfigurationPlatforms) = preSolution
		Debug|Any CPU = Debug|Any CPU
		Release|Any CPU = Release|Any CPU
	EndGlobalSection
	GlobalSection(ProjectConfigurationPlatforms) = postSolution
		{414FA1F4-D1E1-4728-9084-F29D2ADB0EB9}.Debug|Any CPU.ActiveCfg = Debug|Any CPU
		{414FA1F4-D1E1-4728-9084-F29D2ADB0EB9}.Debug|Any CPU.Build.0 = Debug|Any CPU
		{414FA1F4-D1E1-4728-9084-F29D2ADB0EB9}.Release|Any CPU.ActiveCfg = Release|Any CPU
		{414FA1F4-D1E1-4728-9084-F29D2ADB0EB9}.Release|Any CPU.Build.0 = Release|Any CPU
	EndGlobalSection
EndGlobal
